// !$*UTF8*$!
{
	archiveVersion = 1;
	classes = {
	};
	objectVersion = 46;
	objects = {

/* Begin PBXBuildFile section */
		CBB2C0B91CD1A6A900AE4C01 /* LYCBottomSliderController.m in Sources */ = {isa = PBXBuildFile; fileRef = CBB2C0B81CD1A6A900AE4C01 /* LYCBottomSliderController.m */; };
		CBB2C0BE1CD1A7ED00AE4C01 /* ZYWSideTableView.m in Sources */ = {isa = PBXBuildFile; fileRef = CBB2C0BB1CD1A7ED00AE4C01 /* ZYWSideTableView.m */; };
		CBB2C0BF1CD1A7ED00AE4C01 /* ZYWSideView.m in Sources */ = {isa = PBXBuildFile; fileRef = CBB2C0BD1CD1A7ED00AE4C01 /* ZYWSideView.m */; };
		CBB2C0C21CD1A8A100AE4C01 /* UIView+SHCZExt.m in Sources */ = {isa = PBXBuildFile; fileRef = CBB2C0C11CD1A8A100AE4C01 /* UIView+SHCZExt.m */; };
		CBB2C0C81CD1B8F400AE4C01 /* LYCLeftSliderCell.m in Sources */ = {isa = PBXBuildFile; fileRef = CBB2C0C71CD1B8F400AE4C01 /* LYCLeftSliderCell.m */; };
		CBB2C0CC1CD1B92F00AE4C01 /* LYCLeftSliderCell.xib in Resources */ = {isa = PBXBuildFile; fileRef = CBB2C0CB1CD1B92F00AE4C01 /* LYCLeftSliderCell.xib */; };
		CBB2C0CF1CD1BC3400AE4C01 /* LYCLeftOldCell.m in Sources */ = {isa = PBXBuildFile; fileRef = CBB2C0CE1CD1BC3400AE4C01 /* LYCLeftOldCell.m */; };
		CBB2C0D11CD1BC5A00AE4C01 /* LYCLeftOldCell.xib in Resources */ = {isa = PBXBuildFile; fileRef = CBB2C0D01CD1BC5A00AE4C01 /* LYCLeftOldCell.xib */; };
		CBB2C0E41CD1C68600AE4C01 /* oneVc.m in Sources */ = {isa = PBXBuildFile; fileRef = CBB2C0D51CD1C68600AE4C01 /* oneVc.m */; };
		CBB2C0E51CD1C68600AE4C01 /* twoVc.m in Sources */ = {isa = PBXBuildFile; fileRef = CBB2C0D71CD1C68600AE4C01 /* twoVc.m */; };
		CBB2C0E61CD1C68600AE4C01 /* threeVc.m in Sources */ = {isa = PBXBuildFile; fileRef = CBB2C0D91CD1C68600AE4C01 /* threeVc.m */; };
		CBB2C0E71CD1C68600AE4C01 /* fourVc.m in Sources */ = {isa = PBXBuildFile; fileRef = CBB2C0DB1CD1C68600AE4C01 /* fourVc.m */; };
		CBB2C0E81CD1C68600AE4C01 /* fireVc.m in Sources */ = {isa = PBXBuildFile; fileRef = CBB2C0DD1CD1C68600AE4C01 /* fireVc.m */; };
		CBB2C0E91CD1C68600AE4C01 /* sixVc.m in Sources */ = {isa = PBXBuildFile; fileRef = CBB2C0DF1CD1C68600AE4C01 /* sixVc.m */; };
		CBB2C0EA1CD1C68600AE4C01 /* sevenVc.m in Sources */ = {isa = PBXBuildFile; fileRef = CBB2C0E11CD1C68600AE4C01 /* sevenVc.m */; };
		CBB2C0EB1CD1C68600AE4C01 /* eigthVc.m in Sources */ = {isa = PBXBuildFile; fileRef = CBB2C0E31CD1C68600AE4C01 /* eigthVc.m */; };
		CBB2C0EE1CD1C68E00AE4C01 /* WJSegmentMenuVc.m in Sources */ = {isa = PBXBuildFile; fileRef = CBB2C0ED1CD1C68E00AE4C01 /* WJSegmentMenuVc.m */; };
		CBC646251CCF5B9400EA68D5 /* main.m in Sources */ = {isa = PBXBuildFile; fileRef = CBC646241CCF5B9400EA68D5 /* main.m */; };
		CBC646281CCF5B9400EA68D5 /* AppDelegate.m in Sources */ = {isa = PBXBuildFile; fileRef = CBC646271CCF5B9400EA68D5 /* AppDelegate.m */; };
		CBC6462B1CCF5B9400EA68D5 /* LYCMainViewController.m in Sources */ = {isa = PBXBuildFile; fileRef = CBC6462A1CCF5B9400EA68D5 /* LYCMainViewController.m */; };
		CBC6462E1CCF5B9400EA68D5 /* Main.storyboard in Resources */ = {isa = PBXBuildFile; fileRef = CBC6462C1CCF5B9400EA68D5 /* Main.storyboard */; };
		CBC646301CCF5B9400EA68D5 /* Assets.xcassets in Resources */ = {isa = PBXBuildFile; fileRef = CBC6462F1CCF5B9400EA68D5 /* Assets.xcassets */; };
		CBC646331CCF5B9400EA68D5 /* LaunchScreen.storyboard in Resources */ = {isa = PBXBuildFile; fileRef = CBC646311CCF5B9400EA68D5 /* LaunchScreen.storyboard */; };
		CBC6463E1CCF5B9400EA68D5 /* BuyCarLYCTests.m in Sources */ = {isa = PBXBuildFile; fileRef = CBC6463D1CCF5B9400EA68D5 /* BuyCarLYCTests.m */; };
		CBC646491CCF5B9400EA68D5 /* BuyCarLYCUITests.m in Sources */ = {isa = PBXBuildFile; fileRef = CBC646481CCF5B9400EA68D5 /* BuyCarLYCUITests.m */; };
		CBC646581CCF5E1500EA68D5 /* LYCTabBarController.m in Sources */ = {isa = PBXBuildFile; fileRef = CBC646571CCF5E1500EA68D5 /* LYCTabBarController.m */; };
/* End PBXBuildFile section */

/* Begin PBXContainerItemProxy section */
		CBC6463A1CCF5B9400EA68D5 /* PBXContainerItemProxy */ = {
			isa = PBXContainerItemProxy;
			containerPortal = CBC646181CCF5B9400EA68D5 /* Project object */;
			proxyType = 1;
			remoteGlobalIDString = CBC6461F1CCF5B9400EA68D5;
			remoteInfo = BuyCarLYC;
		};
		CBC646451CCF5B9400EA68D5 /* PBXContainerItemProxy */ = {
			isa = PBXContainerItemProxy;
			containerPortal = CBC646181CCF5B9400EA68D5 /* Project object */;
			proxyType = 1;
			remoteGlobalIDString = CBC6461F1CCF5B9400EA68D5;
			remoteInfo = BuyCarLYC;
		};
/* End PBXContainerItemProxy section */

/* Begin PBXFileReference section */
		CBB2C0B71CD1A6A900AE4C01 /* LYCBottomSliderController.h */ = {isa = PBXFileReference; fileEncoding = 4; lastKnownFileType = sourcecode.c.h; path = LYCBottomSliderController.h; sourceTree = "<group>"; };
		CBB2C0B81CD1A6A900AE4C01 /* LYCBottomSliderController.m */ = {isa = PBXFileReference; fileEncoding = 4; lastKnownFileType = sourcecode.c.objc; path = LYCBottomSliderController.m; sourceTree = "<group>"; };
		CBB2C0BA1CD1A7ED00AE4C01 /* ZYWSideTableView.h */ = {isa = PBXFileReference; fileEncoding = 4; lastKnownFileType = sourcecode.c.h; path = ZYWSideTableView.h; sourceTree = "<group>"; };
		CBB2C0BB1CD1A7ED00AE4C01 /* ZYWSideTableView.m */ = {isa = PBXFileReference; fileEncoding = 4; lastKnownFileType = sourcecode.c.objc; path = ZYWSideTableView.m; sourceTree = "<group>"; };
		CBB2C0BC1CD1A7ED00AE4C01 /* ZYWSideView.h */ = {isa = PBXFileReference; fileEncoding = 4; lastKnownFileType = sourcecode.c.h; path = ZYWSideView.h; sourceTree = "<group>"; };
		CBB2C0BD1CD1A7ED00AE4C01 /* ZYWSideView.m */ = {isa = PBXFileReference; fileEncoding = 4; lastKnownFileType = sourcecode.c.objc; path = ZYWSideView.m; sourceTree = "<group>"; };
		CBB2C0C01CD1A8A100AE4C01 /* UIView+SHCZExt.h */ = {isa = PBXFileReference; fileEncoding = 4; lastKnownFileType = sourcecode.c.h; path = "UIView+SHCZExt.h"; sourceTree = "<group>"; };
		CBB2C0C11CD1A8A100AE4C01 /* UIView+SHCZExt.m */ = {isa = PBXFileReference; fileEncoding = 4; lastKnownFileType = sourcecode.c.objc; path = "UIView+SHCZExt.m"; sourceTree = "<group>"; };
		CBB2C0C61CD1B8F400AE4C01 /* LYCLeftSliderCell.h */ = {isa = PBXFileReference; fileEncoding = 4; lastKnownFileType = sourcecode.c.h; path = LYCLeftSliderCell.h; sourceTree = "<group>"; };
		CBB2C0C71CD1B8F400AE4C01 /* LYCLeftSliderCell.m */ = {isa = PBXFileReference; fileEncoding = 4; lastKnownFileType = sourcecode.c.objc; path = LYCLeftSliderCell.m; sourceTree = "<group>"; };
		CBB2C0CB1CD1B92F00AE4C01 /* LYCLeftSliderCell.xib */ = {isa = PBXFileReference; fileEncoding = 4; lastKnownFileType = file.xib; path = LYCLeftSliderCell.xib; sourceTree = "<group>"; };
		CBB2C0CD1CD1BC3400AE4C01 /* LYCLeftOldCell.h */ = {isa = PBXFileReference; fileEncoding = 4; lastKnownFileType = sourcecode.c.h; path = LYCLeftOldCell.h; sourceTree = "<group>"; };
		CBB2C0CE1CD1BC3400AE4C01 /* LYCLeftOldCell.m */ = {isa = PBXFileReference; fileEncoding = 4; lastKnownFileType = sourcecode.c.objc; path = LYCLeftOldCell.m; sourceTree = "<group>"; };
		CBB2C0D01CD1BC5A00AE4C01 /* LYCLeftOldCell.xib */ = {isa = PBXFileReference; fileEncoding = 4; lastKnownFileType = file.xib; path = LYCLeftOldCell.xib; sourceTree = "<group>"; };
		CBB2C0D41CD1C68600AE4C01 /* oneVc.h */ = {isa = PBXFileReference; fileEncoding = 4; lastKnownFileType = sourcecode.c.h; path = oneVc.h; sourceTree = "<group>"; };
		CBB2C0D51CD1C68600AE4C01 /* oneVc.m */ = {isa = PBXFileReference; fileEncoding = 4; lastKnownFileType = sourcecode.c.objc; path = oneVc.m; sourceTree = "<group>"; };
		CBB2C0D61CD1C68600AE4C01 /* twoVc.h */ = {isa = PBXFileReference; fileEncoding = 4; lastKnownFileType = sourcecode.c.h; path = twoVc.h; sourceTree = "<group>"; };
		CBB2C0D71CD1C68600AE4C01 /* twoVc.m */ = {isa = PBXFileReference; fileEncoding = 4; lastKnownFileType = sourcecode.c.objc; path = twoVc.m; sourceTree = "<group>"; };
		CBB2C0D81CD1C68600AE4C01 /* threeVc.h */ = {isa = PBXFileReference; fileEncoding = 4; lastKnownFileType = sourcecode.c.h; path = threeVc.h; sourceTree = "<group>"; };
		CBB2C0D91CD1C68600AE4C01 /* threeVc.m */ = {isa = PBXFileReference; fileEncoding = 4; lastKnownFileType = sourcecode.c.objc; path = threeVc.m; sourceTree = "<group>"; };
		CBB2C0DA1CD1C68600AE4C01 /* fourVc.h */ = {isa = PBXFileReference; fileEncoding = 4; lastKnownFileType = sourcecode.c.h; path = fourVc.h; sourceTree = "<group>"; };
		CBB2C0DB1CD1C68600AE4C01 /* fourVc.m */ = {isa = PBXFileReference; fileEncoding = 4; lastKnownFileType = sourcecode.c.objc; path = fourVc.m; sourceTree = "<group>"; };
		CBB2C0DC1CD1C68600AE4C01 /* fireVc.h */ = {isa = PBXFileReference; fileEncoding = 4; lastKnownFileType = sourcecode.c.h; path = fireVc.h; sourceTree = "<group>"; };
		CBB2C0DD1CD1C68600AE4C01 /* fireVc.m */ = {isa = PBXFileReference; fileEncoding = 4; lastKnownFileType = sourcecode.c.objc; path = fireVc.m; sourceTree = "<group>"; };
		CBB2C0DE1CD1C68600AE4C01 /* sixVc.h */ = {isa = PBXFileReference; fileEncoding = 4; lastKnownFileType = sourcecode.c.h; path = sixVc.h; sourceTree = "<group>"; };
		CBB2C0DF1CD1C68600AE4C01 /* sixVc.m */ = {isa = PBXFileReference; fileEncoding = 4; lastKnownFileType = sourcecode.c.objc; path = sixVc.m; sourceTree = "<group>"; };
		CBB2C0E01CD1C68600AE4C01 /* sevenVc.h */ = {isa = PBXFileReference; fileEncoding = 4; lastKnownFileType = sourcecode.c.h; path = sevenVc.h; sourceTree = "<group>"; };
		CBB2C0E11CD1C68600AE4C01 /* sevenVc.m */ = {isa = PBXFileReference; fileEncoding = 4; lastKnownFileType = sourcecode.c.objc; path = sevenVc.m; sourceTree = "<group>"; };
		CBB2C0E21CD1C68600AE4C01 /* eigthVc.h */ = {isa = PBXFileReference; fileEncoding = 4; lastKnownFileType = sourcecode.c.h; path = eigthVc.h; sourceTree = "<group>"; };
		CBB2C0E31CD1C68600AE4C01 /* eigthVc.m */ = {isa = PBXFileReference; fileEncoding = 4; lastKnownFileType = sourcecode.c.objc; path = eigthVc.m; sourceTree = "<group>"; };
		CBB2C0EC1CD1C68E00AE4C01 /* WJSegmentMenuVc.h */ = {isa = PBXFileReference; fileEncoding = 4; lastKnownFileType = sourcecode.c.h; path = WJSegmentMenuVc.h; sourceTree = "<group>"; };
		CBB2C0ED1CD1C68E00AE4C01 /* WJSegmentMenuVc.m */ = {isa = PBXFileReference; fileEncoding = 4; lastKnownFileType = sourcecode.c.objc; path = WJSegmentMenuVc.m; sourceTree = "<group>"; };
		CBC646201CCF5B9400EA68D5 /* BuyCarLYC.app */ = {isa = PBXFileReference; explicitFileType = wrapper.application; includeInIndex = 0; path = BuyCarLYC.app; sourceTree = BUILT_PRODUCTS_DIR; };
		CBC646241CCF5B9400EA68D5 /* main.m */ = {isa = PBXFileReference; lastKnownFileType = sourcecode.c.objc; path = main.m; sourceTree = "<group>"; };
		CBC646261CCF5B9400EA68D5 /* AppDelegate.h */ = {isa = PBXFileReference; lastKnownFileType = sourcecode.c.h; path = AppDelegate.h; sourceTree = "<group>"; };
		CBC646271CCF5B9400EA68D5 /* AppDelegate.m */ = {isa = PBXFileReference; lastKnownFileType = sourcecode.c.objc; path = AppDelegate.m; sourceTree = "<group>"; };
		CBC646291CCF5B9400EA68D5 /* LYCMainViewController.h */ = {isa = PBXFileReference; lastKnownFileType = sourcecode.c.h; path = LYCMainViewController.h; sourceTree = "<group>"; };
		CBC6462A1CCF5B9400EA68D5 /* LYCMainViewController.m */ = {isa = PBXFileReference; lastKnownFileType = sourcecode.c.objc; path = LYCMainViewController.m; sourceTree = "<group>"; };
		CBC6462D1CCF5B9400EA68D5 /* Base */ = {isa = PBXFileReference; lastKnownFileType = file.storyboard; name = Base; path = Base.lproj/Main.storyboard; sourceTree = "<group>"; };
		CBC6462F1CCF5B9400EA68D5 /* Assets.xcassets */ = {isa = PBXFileReference; lastKnownFileType = folder.assetcatalog; path = Assets.xcassets; sourceTree = "<group>"; };
		CBC646321CCF5B9400EA68D5 /* Base */ = {isa = PBXFileReference; lastKnownFileType = file.storyboard; name = Base; path = Base.lproj/LaunchScreen.storyboard; sourceTree = "<group>"; };
		CBC646341CCF5B9400EA68D5 /* Info.plist */ = {isa = PBXFileReference; lastKnownFileType = text.plist.xml; path = Info.plist; sourceTree = "<group>"; };
		CBC646391CCF5B9400EA68D5 /* BuyCarLYCTests.xctest */ = {isa = PBXFileReference; explicitFileType = wrapper.cfbundle; includeInIndex = 0; path = BuyCarLYCTests.xctest; sourceTree = BUILT_PRODUCTS_DIR; };
		CBC6463D1CCF5B9400EA68D5 /* BuyCarLYCTests.m */ = {isa = PBXFileReference; lastKnownFileType = sourcecode.c.objc; path = BuyCarLYCTests.m; sourceTree = "<group>"; };
		CBC6463F1CCF5B9400EA68D5 /* Info.plist */ = {isa = PBXFileReference; lastKnownFileType = text.plist.xml; path = Info.plist; sourceTree = "<group>"; };
		CBC646441CCF5B9400EA68D5 /* BuyCarLYCUITests.xctest */ = {isa = PBXFileReference; explicitFileType = wrapper.cfbundle; includeInIndex = 0; path = BuyCarLYCUITests.xctest; sourceTree = BUILT_PRODUCTS_DIR; };
		CBC646481CCF5B9400EA68D5 /* BuyCarLYCUITests.m */ = {isa = PBXFileReference; lastKnownFileType = sourcecode.c.objc; path = BuyCarLYCUITests.m; sourceTree = "<group>"; };
		CBC6464A1CCF5B9400EA68D5 /* Info.plist */ = {isa = PBXFileReference; lastKnownFileType = text.plist.xml; path = Info.plist; sourceTree = "<group>"; };
		CBC646561CCF5E1500EA68D5 /* LYCTabBarController.h */ = {isa = PBXFileReference; fileEncoding = 4; lastKnownFileType = sourcecode.c.h; path = LYCTabBarController.h; sourceTree = "<group>"; };
		CBC646571CCF5E1500EA68D5 /* LYCTabBarController.m */ = {isa = PBXFileReference; fileEncoding = 4; lastKnownFileType = sourcecode.c.objc; path = LYCTabBarController.m; sourceTree = "<group>"; };
/* End PBXFileReference section */

/* Begin PBXFrameworksBuildPhase section */
		CBC6461D1CCF5B9400EA68D5 /* Frameworks */ = {
			isa = PBXFrameworksBuildPhase;
			buildActionMask = 2147483647;
			files = (
			);
			runOnlyForDeploymentPostprocessing = 0;
		};
		CBC646361CCF5B9400EA68D5 /* Frameworks */ = {
			isa = PBXFrameworksBuildPhase;
			buildActionMask = 2147483647;
			files = (
			);
			runOnlyForDeploymentPostprocessing = 0;
		};
		CBC646411CCF5B9400EA68D5 /* Frameworks */ = {
			isa = PBXFrameworksBuildPhase;
			buildActionMask = 2147483647;
			files = (
			);
			runOnlyForDeploymentPostprocessing = 0;
		};
/* End PBXFrameworksBuildPhase section */

/* Begin PBXGroup section */
		CBB2C0B51CD1A60000AE4C01 /* 3rd */ = {
			isa = PBXGroup;
			children = (
				CBB2C0D31CD1C66C00AE4C01 /* HNavigationMoreVC(横滑菜单) */,
				CBB2C0B61CD1A60000AE4C01 /* SliderVC(侧滑) */,
			);
			path = 3rd;
			sourceTree = "<group>";
		};
		CBB2C0B61CD1A60000AE4C01 /* SliderVC(侧滑) */ = {
			isa = PBXGroup;
			children = (
				CBB2C0BA1CD1A7ED00AE4C01 /* ZYWSideTableView.h */,
				CBB2C0BB1CD1A7ED00AE4C01 /* ZYWSideTableView.m */,
				CBB2C0BC1CD1A7ED00AE4C01 /* ZYWSideView.h */,
				CBB2C0BD1CD1A7ED00AE4C01 /* ZYWSideView.m */,
				CBB2C0C01CD1A8A100AE4C01 /* UIView+SHCZExt.h */,
				CBB2C0C11CD1A8A100AE4C01 /* UIView+SHCZExt.m */,
				CBB2C0C61CD1B8F400AE4C01 /* LYCLeftSliderCell.h */,
				CBB2C0C71CD1B8F400AE4C01 /* LYCLeftSliderCell.m */,
				CBB2C0CB1CD1B92F00AE4C01 /* LYCLeftSliderCell.xib */,
				CBB2C0CD1CD1BC3400AE4C01 /* LYCLeftOldCell.h */,
				CBB2C0CE1CD1BC3400AE4C01 /* LYCLeftOldCell.m */,
				CBB2C0D01CD1BC5A00AE4C01 /* LYCLeftOldCell.xib */,
			);
			path = "SliderVC(侧滑)";
			sourceTree = "<group>";
		};
		CBB2C0D31CD1C66C00AE4C01 /* HNavigationMoreVC(横滑菜单) */ = {
			isa = PBXGroup;
			children = (
				CBB2C0EC1CD1C68E00AE4C01 /* WJSegmentMenuVc.h */,
				CBB2C0ED1CD1C68E00AE4C01 /* WJSegmentMenuVc.m */,
				CBB2C0D41CD1C68600AE4C01 /* oneVc.h */,
				CBB2C0D51CD1C68600AE4C01 /* oneVc.m */,
				CBB2C0D61CD1C68600AE4C01 /* twoVc.h */,
				CBB2C0D71CD1C68600AE4C01 /* twoVc.m */,
				CBB2C0D81CD1C68600AE4C01 /* threeVc.h */,
				CBB2C0D91CD1C68600AE4C01 /* threeVc.m */,
				CBB2C0DA1CD1C68600AE4C01 /* fourVc.h */,
				CBB2C0DB1CD1C68600AE4C01 /* fourVc.m */,
				CBB2C0DC1CD1C68600AE4C01 /* fireVc.h */,
				CBB2C0DD1CD1C68600AE4C01 /* fireVc.m */,
				CBB2C0DE1CD1C68600AE4C01 /* sixVc.h */,
				CBB2C0DF1CD1C68600AE4C01 /* sixVc.m */,
				CBB2C0E01CD1C68600AE4C01 /* sevenVc.h */,
				CBB2C0E11CD1C68600AE4C01 /* sevenVc.m */,
				CBB2C0E21CD1C68600AE4C01 /* eigthVc.h */,
				CBB2C0E31CD1C68600AE4C01 /* eigthVc.m */,
			);
			path = "HNavigationMoreVC(横滑菜单)";
			sourceTree = "<group>";
		};
		CBC646171CCF5B9400EA68D5 = {
			isa = PBXGroup;
			children = (
				CBC646221CCF5B9400EA68D5 /* BuyCarLYC */,
				CBC6463C1CCF5B9400EA68D5 /* BuyCarLYCTests */,
				CBC646471CCF5B9400EA68D5 /* BuyCarLYCUITests */,
				CBC646211CCF5B9400EA68D5 /* Products */,
			);
			sourceTree = "<group>";
		};
		CBC646211CCF5B9400EA68D5 /* Products */ = {
			isa = PBXGroup;
			children = (
				CBC646201CCF5B9400EA68D5 /* BuyCarLYC.app */,
				CBC646391CCF5B9400EA68D5 /* BuyCarLYCTests.xctest */,
				CBC646441CCF5B9400EA68D5 /* BuyCarLYCUITests.xctest */,
			);
			name = Products;
			sourceTree = "<group>";
		};
		CBC646221CCF5B9400EA68D5 /* BuyCarLYC */ = {
			isa = PBXGroup;
			children = (
				CBC646261CCF5B9400EA68D5 /* AppDelegate.h */,
				CBC646271CCF5B9400EA68D5 /* AppDelegate.m */,
				CBB2C0B71CD1A6A900AE4C01 /* LYCBottomSliderController.h */,
				CBB2C0B81CD1A6A900AE4C01 /* LYCBottomSliderController.m */,
				CBC646291CCF5B9400EA68D5 /* LYCMainViewController.h */,
				CBC6462A1CCF5B9400EA68D5 /* LYCMainViewController.m */,
				CBC646561CCF5E1500EA68D5 /* LYCTabBarController.h */,
				CBC646571CCF5E1500EA68D5 /* LYCTabBarController.m */,
				CBB2C0B51CD1A60000AE4C01 /* 3rd */,
				CBC6462C1CCF5B9400EA68D5 /* Main.storyboard */,
				CBC6462F1CCF5B9400EA68D5 /* Assets.xcassets */,
				CBC646311CCF5B9400EA68D5 /* LaunchScreen.storyboard */,
				CBC646341CCF5B9400EA68D5 /* Info.plist */,
				CBC646231CCF5B9400EA68D5 /* Supporting Files */,
			);
			path = BuyCarLYC;
			sourceTree = "<group>";
		};
		CBC646231CCF5B9400EA68D5 /* Supporting Files */ = {
			isa = PBXGroup;
			children = (
				CBC646241CCF5B9400EA68D5 /* main.m */,
			);
			name = "Supporting Files";
			sourceTree = "<group>";
		};
		CBC6463C1CCF5B9400EA68D5 /* BuyCarLYCTests */ = {
			isa = PBXGroup;
			children = (
				CBC6463D1CCF5B9400EA68D5 /* BuyCarLYCTests.m */,
				CBC6463F1CCF5B9400EA68D5 /* Info.plist */,
			);
			path = BuyCarLYCTests;
			sourceTree = "<group>";
		};
		CBC646471CCF5B9400EA68D5 /* BuyCarLYCUITests */ = {
			isa = PBXGroup;
			children = (
				CBC646481CCF5B9400EA68D5 /* BuyCarLYCUITests.m */,
				CBC6464A1CCF5B9400EA68D5 /* Info.plist */,
			);
			path = BuyCarLYCUITests;
			sourceTree = "<group>";
		};
/* End PBXGroup section */

/* Begin PBXNativeTarget section */
		CBC6461F1CCF5B9400EA68D5 /* BuyCarLYC */ = {
			isa = PBXNativeTarget;
			buildConfigurationList = CBC6464D1CCF5B9400EA68D5 /* Build configuration list for PBXNativeTarget "BuyCarLYC" */;
			buildPhases = (
				CBC6461C1CCF5B9400EA68D5 /* Sources */,
				CBC6461D1CCF5B9400EA68D5 /* Frameworks */,
				CBC6461E1CCF5B9400EA68D5 /* Resources */,
			);
			buildRules = (
			);
			dependencies = (
			);
			name = BuyCarLYC;
			productName = BuyCarLYC;
			productReference = CBC646201CCF5B9400EA68D5 /* BuyCarLYC.app */;
			productType = "com.apple.product-type.application";
		};
		CBC646381CCF5B9400EA68D5 /* BuyCarLYCTests */ = {
			isa = PBXNativeTarget;
			buildConfigurationList = CBC646501CCF5B9400EA68D5 /* Build configuration list for PBXNativeTarget "BuyCarLYCTests" */;
			buildPhases = (
				CBC646351CCF5B9400EA68D5 /* Sources */,
				CBC646361CCF5B9400EA68D5 /* Frameworks */,
				CBC646371CCF5B9400EA68D5 /* Resources */,
			);
			buildRules = (
			);
			dependencies = (
				CBC6463B1CCF5B9400EA68D5 /* PBXTargetDependency */,
			);
			name = BuyCarLYCTests;
			productName = BuyCarLYCTests;
			productReference = CBC646391CCF5B9400EA68D5 /* BuyCarLYCTests.xctest */;
			productType = "com.apple.product-type.bundle.unit-test";
		};
		CBC646431CCF5B9400EA68D5 /* BuyCarLYCUITests */ = {
			isa = PBXNativeTarget;
			buildConfigurationList = CBC646531CCF5B9400EA68D5 /* Build configuration list for PBXNativeTarget "BuyCarLYCUITests" */;
			buildPhases = (
				CBC646401CCF5B9400EA68D5 /* Sources */,
				CBC646411CCF5B9400EA68D5 /* Frameworks */,
				CBC646421CCF5B9400EA68D5 /* Resources */,
			);
			buildRules = (
			);
			dependencies = (
				CBC646461CCF5B9400EA68D5 /* PBXTargetDependency */,
			);
			name = BuyCarLYCUITests;
			productName = BuyCarLYCUITests;
			productReference = CBC646441CCF5B9400EA68D5 /* BuyCarLYCUITests.xctest */;
			productType = "com.apple.product-type.bundle.ui-testing";
		};
/* End PBXNativeTarget section */

/* Begin PBXProject section */
		CBC646181CCF5B9400EA68D5 /* Project object */ = {
			isa = PBXProject;
			attributes = {
				CLASSPREFIX = LYC;
				LastUpgradeCheck = 0730;
				ORGANIZATIONNAME = LYC;
				TargetAttributes = {
					CBC6461F1CCF5B9400EA68D5 = {
						CreatedOnToolsVersion = 7.3;
						DevelopmentTeam = 94V47BYM7E;
					};
					CBC646381CCF5B9400EA68D5 = {
						CreatedOnToolsVersion = 7.3;
						TestTargetID = CBC6461F1CCF5B9400EA68D5;
					};
					CBC646431CCF5B9400EA68D5 = {
						CreatedOnToolsVersion = 7.3;
						TestTargetID = CBC6461F1CCF5B9400EA68D5;
					};
				};
			};
			buildConfigurationList = CBC6461B1CCF5B9400EA68D5 /* Build configuration list for PBXProject "BuyCarLYC" */;
			compatibilityVersion = "Xcode 3.2";
			developmentRegion = English;
			hasScannedForEncodings = 0;
			knownRegions = (
				en,
				Base,
			);
			mainGroup = CBC646171CCF5B9400EA68D5;
			productRefGroup = CBC646211CCF5B9400EA68D5 /* Products */;
			projectDirPath = "";
			projectRoot = "";
			targets = (
				CBC6461F1CCF5B9400EA68D5 /* BuyCarLYC */,
				CBC646381CCF5B9400EA68D5 /* BuyCarLYCTests */,
				CBC646431CCF5B9400EA68D5 /* BuyCarLYCUITests */,
			);
		};
/* End PBXProject section */

/* Begin PBXResourcesBuildPhase section */
		CBC6461E1CCF5B9400EA68D5 /* Resources */ = {
			isa = PBXResourcesBuildPhase;
			buildActionMask = 2147483647;
			files = (
				CBB2C0CC1CD1B92F00AE4C01 /* LYCLeftSliderCell.xib in Resources */,
				CBB2C0D11CD1BC5A00AE4C01 /* LYCLeftOldCell.xib in Resources */,
				CBC646331CCF5B9400EA68D5 /* LaunchScreen.storyboard in Resources */,
				CBC646301CCF5B9400EA68D5 /* Assets.xcassets in Resources */,
				CBC6462E1CCF5B9400EA68D5 /* Main.storyboard in Resources */,
			);
			runOnlyForDeploymentPostprocessing = 0;
		};
		CBC646371CCF5B9400EA68D5 /* Resources */ = {
			isa = PBXResourcesBuildPhase;
			buildActionMask = 2147483647;
			files = (
			);
			runOnlyForDeploymentPostprocessing = 0;
		};
		CBC646421CCF5B9400EA68D5 /* Resources */ = {
			isa = PBXResourcesBuildPhase;
			buildActionMask = 2147483647;
			files = (
			);
			runOnlyForDeploymentPostprocessing = 0;
		};
/* End PBXResourcesBuildPhase section */

/* Begin PBXSourcesBuildPhase section */
		CBC6461C1CCF5B9400EA68D5 /* Sources */ = {
			isa = PBXSourcesBuildPhase;
			buildActionMask = 2147483647;
			files = (
				CBB2C0E61CD1C68600AE4C01 /* threeVc.m in Sources */,
				CBB2C0BE1CD1A7ED00AE4C01 /* ZYWSideTableView.m in Sources */,
				CBB2C0CF1CD1BC3400AE4C01 /* LYCLeftOldCell.m in Sources */,
				CBB2C0E81CD1C68600AE4C01 /* fireVc.m in Sources */,
				CBB2C0B91CD1A6A900AE4C01 /* LYCBottomSliderController.m in Sources */,
				CBB2C0BF1CD1A7ED00AE4C01 /* ZYWSideView.m in Sources */,
				CBB2C0EE1CD1C68E00AE4C01 /* WJSegmentMenuVc.m in Sources */,
				CBC646581CCF5E1500EA68D5 /* LYCTabBarController.m in Sources */,
				CBB2C0E41CD1C68600AE4C01 /* oneVc.m in Sources */,
				CBC6462B1CCF5B9400EA68D5 /* LYCMainViewController.m in Sources */,
				CBC646281CCF5B9400EA68D5 /* AppDelegate.m in Sources */,
				CBB2C0C21CD1A8A100AE4C01 /* UIView+SHCZExt.m in Sources */,
				CBB2C0E51CD1C68600AE4C01 /* twoVc.m in Sources */,
				CBC646251CCF5B9400EA68D5 /* main.m in Sources */,
				CBB2C0EA1CD1C68600AE4C01 /* sevenVc.m in Sources */,
				CBB2C0EB1CD1C68600AE4C01 /* eigthVc.m in Sources */,
				CBB2C0E71CD1C68600AE4C01 /* fourVc.m in Sources */,
				CBB2C0C81CD1B8F400AE4C01 /* LYCLeftSliderCell.m in Sources */,
				CBB2C0E91CD1C68600AE4C01 /* sixVc.m in Sources */,
			);
			runOnlyForDeploymentPostprocessing = 0;
		};
		CBC646351CCF5B9400EA68D5 /* Sources */ = {
			isa = PBXSourcesBuildPhase;
			buildActionMask = 2147483647;
			files = (
				CBC6463E1CCF5B9400EA68D5 /* BuyCarLYCTests.m in Sources */,
			);
			runOnlyForDeploymentPostprocessing = 0;
		};
		CBC646401CCF5B9400EA68D5 /* Sources */ = {
			isa = PBXSourcesBuildPhase;
			buildActionMask = 2147483647;
			files = (
				CBC646491CCF5B9400EA68D5 /* BuyCarLYCUITests.m in Sources */,
			);
			runOnlyForDeploymentPostprocessing = 0;
		};
/* End PBXSourcesBuildPhase section */

/* Begin PBXTargetDependency section */
		CBC6463B1CCF5B9400EA68D5 /* PBXTargetDependency */ = {
			isa = PBXTargetDependency;
			target = CBC6461F1CCF5B9400EA68D5 /* BuyCarLYC */;
			targetProxy = CBC6463A1CCF5B9400EA68D5 /* PBXContainerItemProxy */;
		};
		CBC646461CCF5B9400EA68D5 /* PBXTargetDependency */ = {
			isa = PBXTargetDependency;
			target = CBC6461F1CCF5B9400EA68D5 /* BuyCarLYC */;
			targetProxy = CBC646451CCF5B9400EA68D5 /* PBXContainerItemProxy */;
		};
/* End PBXTargetDependency section */

/* Begin PBXVariantGroup section */
		CBC6462C1CCF5B9400EA68D5 /* Main.storyboard */ = {
			isa = PBXVariantGroup;
			children = (
				CBC6462D1CCF5B9400EA68D5 /* Base */,
			);
			name = Main.storyboard;
			sourceTree = "<group>";
		};
		CBC646311CCF5B9400EA68D5 /* LaunchScreen.storyboard */ = {
			isa = PBXVariantGroup;
			children = (
				CBC646321CCF5B9400EA68D5 /* Base */,
			);
			name = LaunchScreen.storyboard;
			sourceTree = "<group>";
		};
/* End PBXVariantGroup section */

/* Begin XCBuildConfiguration section */
		CBC6464B1CCF5B9400EA68D5 /* Debug */ = {
			isa = XCBuildConfiguration;
			buildSettings = {
				ALWAYS_SEARCH_USER_PATHS = NO;
				CLANG_ANALYZER_NONNULL = YES;
				CLANG_CXX_LANGUAGE_STANDARD = "gnu++0x";
				CLANG_CXX_LIBRARY = "libc++";
				CLANG_ENABLE_MODULES = YES;
				CLANG_ENABLE_OBJC_ARC = YES;
				CLANG_WARN_BOOL_CONVERSION = YES;
				CLANG_WARN_CONSTANT_CONVERSION = YES;
				CLANG_WARN_DIRECT_OBJC_ISA_USAGE = YES_ERROR;
				CLANG_WARN_EMPTY_BODY = YES;
				CLANG_WARN_ENUM_CONVERSION = YES;
				CLANG_WARN_INT_CONVERSION = YES;
				CLANG_WARN_OBJC_ROOT_CLASS = YES_ERROR;
				CLANG_WARN_UNREACHABLE_CODE = YES;
				CLANG_WARN__DUPLICATE_METHOD_MATCH = YES;
				"CODE_SIGN_IDENTITY[sdk=iphoneos*]" = "iPhone Developer";
				COPY_PHASE_STRIP = NO;
				DEBUG_INFORMATION_FORMAT = dwarf;
				ENABLE_STRICT_OBJC_MSGSEND = YES;
				ENABLE_TESTABILITY = YES;
				GCC_C_LANGUAGE_STANDARD = gnu99;
				GCC_DYNAMIC_NO_PIC = NO;
				GCC_NO_COMMON_BLOCKS = YES;
				GCC_OPTIMIZATION_LEVEL = 0;
				GCC_PREPROCESSOR_DEFINITIONS = (
					"DEBUG=1",
					"$(inherited)",
				);
				GCC_WARN_64_TO_32_BIT_CONVERSION = YES;
				GCC_WARN_ABOUT_RETURN_TYPE = YES_ERROR;
				GCC_WARN_UNDECLARED_SELECTOR = YES;
				GCC_WARN_UNINITIALIZED_AUTOS = YES_AGGRESSIVE;
				GCC_WARN_UNUSED_FUNCTION = YES;
				GCC_WARN_UNUSED_VARIABLE = YES;
				IPHONEOS_DEPLOYMENT_TARGET = 9.3;
				MTL_ENABLE_DEBUG_INFO = YES;
				ONLY_ACTIVE_ARCH = YES;
				SDKROOT = iphoneos;
				TARGETED_DEVICE_FAMILY = "1,2";
			};
			name = Debug;
		};
		CBC6464C1CCF5B9400EA68D5 /* Release */ = {
			isa = XCBuildConfiguration;
			buildSettings = {
				ALWAYS_SEARCH_USER_PATHS = NO;
				CLANG_ANALYZER_NONNULL = YES;
				CLANG_CXX_LANGUAGE_STANDARD = "gnu++0x";
				CLANG_CXX_LIBRARY = "libc++";
				CLANG_ENABLE_MODULES = YES;
				CLANG_ENABLE_OBJC_ARC = YES;
				CLANG_WARN_BOOL_CONVERSION = YES;
				CLANG_WARN_CONSTANT_CONVERSION = YES;
				CLANG_WARN_DIRECT_OBJC_ISA_USAGE = YES_ERROR;
				CLANG_WARN_EMPTY_BODY = YES;
				CLANG_WARN_ENUM_CONVERSION = YES;
				CLANG_WARN_INT_CONVERSION = YES;
				CLANG_WARN_OBJC_ROOT_CLASS = YES_ERROR;
				CLANG_WARN_UNREACHABLE_CODE = YES;
				CLANG_WARN__DUPLICATE_METHOD_MATCH = YES;
				"CODE_SIGN_IDENTITY[sdk=iphoneos*]" = "iPhone Developer";
				COPY_PHASE_STRIP = NO;
				DEBUG_INFORMATION_FORMAT = "dwarf-with-dsym";
				ENABLE_NS_ASSERTIONS = NO;
				ENABLE_STRICT_OBJC_MSGSEND = YES;
				GCC_C_LANGUAGE_STANDARD = gnu99;
				GCC_NO_COMMON_BLOCKS = YES;
				GCC_WARN_64_TO_32_BIT_CONVERSION = YES;
				GCC_WARN_ABOUT_RETURN_TYPE = YES_ERROR;
				GCC_WARN_UNDECLARED_SELECTOR = YES;
				GCC_WARN_UNINITIALIZED_AUTOS = YES_AGGRESSIVE;
				GCC_WARN_UNUSED_FUNCTION = YES;
				GCC_WARN_UNUSED_VARIABLE = YES;
				IPHONEOS_DEPLOYMENT_TARGET = 9.3;
				MTL_ENABLE_DEBUG_INFO = NO;
				SDKROOT = iphoneos;
				TARGETED_DEVICE_FAMILY = "1,2";
				VALIDATE_PRODUCT = YES;
			};
			name = Release;
		};
		CBC6464E1CCF5B9400EA68D5 /* Debug */ = {
			isa = XCBuildConfiguration;
			buildSettings = {
				ASSETCATALOG_COMPILER_APPICON_NAME = AppIcon;
				ASSETCATALOG_COMPILER_LAUNCHIMAGE_NAME = LaunchImage;
				CODE_SIGN_IDENTITY = "iPhone Developer";
				"CODE_SIGN_IDENTITY[sdk=iphoneos*]" = "iPhone Developer";
				INFOPLIST_FILE = BuyCarLYC/Info.plist;
				IPHONEOS_DEPLOYMENT_TARGET = 8.0;
				LD_RUNPATH_SEARCH_PATHS = "$(inherited) @executable_path/Frameworks";
				PRODUCT_BUNDLE_IDENTIFIER = mingren.BuyCarLYC;
				PRODUCT_NAME = "$(TARGET_NAME)";
				PROVISIONING_PROFILE = "";
				TARGETED_DEVICE_FAMILY = 1;
			};
			name = Debug;
		};
		CBC6464F1CCF5B9400EA68D5 /* Release */ = {
			isa = XCBuildConfiguration;
			buildSettings = {
				ASSETCATALOG_COMPILER_APPICON_NAME = AppIcon;
				ASSETCATALOG_COMPILER_LAUNCHIMAGE_NAME = LaunchImage;
				CODE_SIGN_IDENTITY = "iPhone Developer";
				"CODE_SIGN_IDENTITY[sdk=iphoneos*]" = "iPhone Developer";
				INFOPLIST_FILE = BuyCarLYC/Info.plist;
				IPHONEOS_DEPLOYMENT_TARGET = 8.0;
				LD_RUNPATH_SEARCH_PATHS = "$(inherited) @executable_path/Frameworks";
				PRODUCT_BUNDLE_IDENTIFIER = mingren.BuyCarLYC;
				PRODUCT_NAME = "$(TARGET_NAME)";
				PROVISIONING_PROFILE = "";
				TARGETED_DEVICE_FAMILY = 1;
			};
			name = Release;
		};
		CBC646511CCF5B9400EA68D5 /* Debug */ = {
			isa = XCBuildConfiguration;
			buildSettings = {
				BUNDLE_LOADER = "$(TEST_HOST)";
				INFOPLIST_FILE = BuyCarLYCTests/Info.plist;
				LD_RUNPATH_SEARCH_PATHS = "$(inherited) @executable_path/Frameworks @loader_path/Frameworks";
				PRODUCT_BUNDLE_IDENTIFIER = mingren.BuyCarLYCTests;
				PRODUCT_NAME = "$(TARGET_NAME)";
				TEST_HOST = "$(BUILT_PRODUCTS_DIR)/BuyCarLYC.app/BuyCarLYC";
			};
			name = Debug;
		};
		CBC646521CCF5B9400EA68D5 /* Release */ = {
			isa = XCBuildConfiguration;
			buildSettings = {
				BUNDLE_LOADER = "$(TEST_HOST)";
				INFOPLIST_FILE = BuyCarLYCTests/Info.plist;
				LD_RUNPATH_SEARCH_PATHS = "$(inherited) @executable_path/Frameworks @loader_path/Frameworks";
				PRODUCT_BUNDLE_IDENTIFIER = mingren.BuyCarLYCTests;
				PRODUCT_NAME = "$(TARGET_NAME)";
				TEST_HOST = "$(BUILT_PRODUCTS_DIR)/BuyCarLYC.app/BuyCarLYC";
			};
			name = Release;
		};
		CBC646541CCF5B9400EA68D5 /* Debug */ = {
			isa = XCBuildConfiguration;
			buildSettings = {
				INFOPLIST_FILE = BuyCarLYCUITests/Info.plist;
				LD_RUNPATH_SEARCH_PATHS = "$(inherited) @executable_path/Frameworks @loader_path/Frameworks";
				PRODUCT_BUNDLE_IDENTIFIER = mingren.BuyCarLYCUITests;
				PRODUCT_NAME = "$(TARGET_NAME)";
				TEST_TARGET_NAME = BuyCarLYC;
			};
			name = Debug;
		};
		CBC646551CCF5B9400EA68D5 /* Release */ = {
			isa = XCBuildConfiguration;
			buildSettings = {
				INFOPLIST_FILE = BuyCarLYCUITests/Info.plist;
				LD_RUNPATH_SEARCH_PATHS = "$(inherited) @executable_path/Frameworks @loader_path/Frameworks";
				PRODUCT_BUNDLE_IDENTIFIER = mingren.BuyCarLYCUITests;
				PRODUCT_NAME = "$(TARGET_NAME)";
				TEST_TARGET_NAME = BuyCarLYC;
			};
			name = Release;
		};
/* End XCBuildConfiguration section */

/* Begin XCConfigurationList section */
		CBC6461B1CCF5B9400EA68D5 /* Build configuration list for PBXProject "BuyCarLYC" */ = {
			isa = XCConfigurationList;
			buildConfigurations = (
				CBC6464B1CCF5B9400EA68D5 /* Debug */,
				CBC6464C1CCF5B9400EA68D5 /* Release */,
			);
			defaultConfigurationIsVisible = 0;
			defaultConfigurationName = Release;
		};
		CBC6464D1CCF5B9400EA68D5 /* Build configuration list for PBXNativeTarget "BuyCarLYC" */ = {
			isa = XCConfigurationList;
			buildConfigurations = (
				CBC6464E1CCF5B9400EA68D5 /* Debug */,
				CBC6464F1CCF5B9400EA68D5 /* Release */,
			);
			defaultConfigurationIsVisible = 0;
			defaultConfigurationName = Release;
		};
		CBC646501CCF5B9400EA68D5 /* Build configuration list for PBXNativeTarget "BuyCarLYCTests" */ = {
			isa = XCConfigurationList;
			buildConfigurations = (
				CBC646511CCF5B9400EA68D5 /* Debug */,
				CBC646521CCF5B9400EA68D5 /* Release */,
			);
			defaultConfigurationIsVisible = 0;
			defaultConfigurationName = Release;
		};
		CBC646531CCF5B9400EA68D5 /* Build configuration list for PBXNativeTarget "BuyCarLYCUITests" */ = {
			isa = XCConfigurationList;
			buildConfigurations = (
				CBC646541CCF5B9400EA68D5 /* Debug */,
				CBC646551CCF5B9400EA68D5 /* Release */,
			);
			defaultConfigurationIsVisible = 0;
			defaultConfigurationName = Release;
		};
/* End XCConfigurationList section */
	};
	rootObject = CBC646181CCF5B9400EA68D5 /* Project object */;
}
